
Microsoft Visual Studio Solution File, Format Version 12.00
# Visual Studio Version 17
VisualStudioVersion = 17.8.34408.163
MinimumVisualStudioVersion = 10.0.40219.1
Project("{9A19103F-16F7-4668-BE54-9A1E7A4F7556}") = "Checkers.BL.Models", "Checkers.BL.Models\Checkers.BL.Models.csproj", "{79F6886A-5904-4B52-8498-0A76B9BF14B6}"
EndProject
Project("{9A19103F-16F7-4668-BE54-9A1E7A4F7556}") = "Checkers.PL.Test", "Checkers.PL.Test\Checkers.PL.Test.csproj", "{49DB781F-DCD3-4516-B499-A22760FD2472}"
EndProject
Project("{9A19103F-16F7-4668-BE54-9A1E7A4F7556}") = "Checkers.PL", "Checkers.PL\Checkers.PL.csproj", "{AA334D01-A19E-46F1-9A94-CCE59BB15EE8}"
EndProject
Project("{9A19103F-16F7-4668-BE54-9A1E7A4F7556}") = "Checkers.MigrationHandler", "Checkers.MigrationHandler\Checkers.MigrationHandler.csproj", "{584A97FE-20B8-442D-A5AB-B520E61AE1E9}"
EndProject
Project("{9A19103F-16F7-4668-BE54-9A1E7A4F7556}") = "Checkers.API", "Checkers.API\Checkers.API.csproj", "{58402C09-5610-4C58-A049-5C247ECA1C7D}"
EndProject
Project("{9A19103F-16F7-4668-BE54-9A1E7A4F7556}") = "Checkers.BL", "Checkers.BL\Checkers.BL.csproj", "{89A577F0-F5FB-43E5-A05B-388FC27A0F1E}"
EndProject
Project("{9A19103F-16F7-4668-BE54-9A1E7A4F7556}") = "Checkers.API.Test", "Checkers.API.Test\Checkers.API.Test.csproj", "{39A75B8A-C8CA-4A86-9C4A-6E4ABB47E658}"
EndProject
Project("{9A19103F-16F7-4668-BE54-9A1E7A4F7556}") = "Checkers.BL.Test", "Checkers.BL.Test\Checkers.BL.Test.csproj", "{1D333AC3-059A-4FFD-9891-A5E81F7905E0}"
EndProject
Project("{9A19103F-16F7-4668-BE54-9A1E7A4F7556}") = "Checkers.Reporting", "Checkers.Reporting\Checkers.Reporting.csproj", "{39A7F117-B828-440C-8094-74D4ABA145F8}"
EndProject
Project("{2150E333-8FDC-42A3-9474-1A3956D46DE8}") = "Solution Items", "Solution Items", "{C04F84FC-5B96-4687-9B9B-9372CF196E2D}"
EndProject
Project("{888888A0-9F3D-457C-B088-3A5042F75D52}") = "Checkers", "Checkers\Checkers.pyproj", "{3D65C78F-A34B-4636-9F0E-C25CD20551D3}"
EndProject
Project("{FAE04EC0-301F-11D3-BF4B-00C04F79EFBC}") = "Checkers.UI2", "Checkers.UI2\Checkers.UI2.csproj", "{79C975E0-CF05-4D2A-83A1-002CDC2E1EFA}"
EndProject
Global
	GlobalSection(SolutionConfigurationPlatforms) = preSolution
		Debug|Any CPU = Debug|Any CPU
		Release|Any CPU = Release|Any CPU
	EndGlobalSection
	GlobalSection(ProjectConfigurationPlatforms) = postSolution
		{79F6886A-5904-4B52-8498-0A76B9BF14B6}.Debug|Any CPU.ActiveCfg = Debug|Any CPU
		{79F6886A-5904-4B52-8498-0A76B9BF14B6}.Debug|Any CPU.Build.0 = Debug|Any CPU
		{79F6886A-5904-4B52-8498-0A76B9BF14B6}.Release|Any CPU.ActiveCfg = Release|Any CPU
		{79F6886A-5904-4B52-8498-0A76B9BF14B6}.Release|Any CPU.Build.0 = Release|Any CPU
		{49DB781F-DCD3-4516-B499-A22760FD2472}.Debug|Any CPU.ActiveCfg = Debug|Any CPU
		{49DB781F-DCD3-4516-B499-A22760FD2472}.Debug|Any CPU.Build.0 = Debug|Any CPU
		{49DB781F-DCD3-4516-B499-A22760FD2472}.Release|Any CPU.ActiveCfg = Release|Any CPU
		{49DB781F-DCD3-4516-B499-A22760FD2472}.Release|Any CPU.Build.0 = Release|Any CPU
		{AA334D01-A19E-46F1-9A94-CCE59BB15EE8}.Debug|Any CPU.ActiveCfg = Debug|Any CPU
		{AA334D01-A19E-46F1-9A94-CCE59BB15EE8}.Debug|Any CPU.Build.0 = Debug|Any CPU
		{AA334D01-A19E-46F1-9A94-CCE59BB15EE8}.Release|Any CPU.ActiveCfg = Release|Any CPU
		{AA334D01-A19E-46F1-9A94-CCE59BB15EE8}.Release|Any CPU.Build.0 = Release|Any CPU
		{584A97FE-20B8-442D-A5AB-B520E61AE1E9}.Debug|Any CPU.ActiveCfg = Debug|Any CPU
		{584A97FE-20B8-442D-A5AB-B520E61AE1E9}.Debug|Any CPU.Build.0 = Debug|Any CPU
		{584A97FE-20B8-442D-A5AB-B520E61AE1E9}.Release|Any CPU.ActiveCfg = Release|Any CPU
		{584A97FE-20B8-442D-A5AB-B520E61AE1E9}.Release|Any CPU.Build.0 = Release|Any CPU
		{58402C09-5610-4C58-A049-5C247ECA1C7D}.Debug|Any CPU.ActiveCfg = Debug|Any CPU
		{58402C09-5610-4C58-A049-5C247ECA1C7D}.Debug|Any CPU.Build.0 = Debug|Any CPU
		{58402C09-5610-4C58-A049-5C247ECA1C7D}.Release|Any CPU.ActiveCfg = Release|Any CPU
		{58402C09-5610-4C58-A049-5C247ECA1C7D}.Release|Any CPU.Build.0 = Release|Any CPU
		{89A577F0-F5FB-43E5-A05B-388FC27A0F1E}.Debug|Any CPU.ActiveCfg = Debug|Any CPU
		{89A577F0-F5FB-43E5-A05B-388FC27A0F1E}.Debug|Any CPU.Build.0 = Debug|Any CPU
		{89A577F0-F5FB-43E5-A05B-388FC27A0F1E}.Release|Any CPU.ActiveCfg = Release|Any CPU
		{89A577F0-F5FB-43E5-A05B-388FC27A0F1E}.Release|Any CPU.Build.0 = Release|Any CPU
		{39A75B8A-C8CA-4A86-9C4A-6E4ABB47E658}.Debug|Any CPU.ActiveCfg = Debug|Any CPU
		{39A75B8A-C8CA-4A86-9C4A-6E4ABB47E658}.Debug|Any CPU.Build.0 = Debug|Any CPU
		{39A75B8A-C8CA-4A86-9C4A-6E4ABB47E658}.Release|Any CPU.ActiveCfg = Release|Any CPU
		{39A75B8A-C8CA-4A86-9C4A-6E4ABB47E658}.Release|Any CPU.Build.0 = Release|Any CPU
		{1D333AC3-059A-4FFD-9891-A5E81F7905E0}.Debug|Any CPU.ActiveCfg = Debug|Any CPU
		{1D333AC3-059A-4FFD-9891-A5E81F7905E0}.Debug|Any CPU.Build.0 = Debug|Any CPU
		{1D333AC3-059A-4FFD-9891-A5E81F7905E0}.Release|Any CPU.ActiveCfg = Release|Any CPU
		{1D333AC3-059A-4FFD-9891-A5E81F7905E0}.Release|Any CPU.Build.0 = Release|Any CPU
		{39A7F117-B828-440C-8094-74D4ABA145F8}.Debug|Any CPU.ActiveCfg = Debug|Any CPU
		{39A7F117-B828-440C-8094-74D4ABA145F8}.Debug|Any CPU.Build.0 = Debug|Any CPU
		{39A7F117-B828-440C-8094-74D4ABA145F8}.Release|Any CPU.ActiveCfg = Release|Any CPU
		{39A7F117-B828-440C-8094-74D4ABA145F8}.Release|Any CPU.Build.0 = Release|Any CPU
		{3D65C78F-A34B-4636-9F0E-C25CD20551D3}.Debug|Any CPU.ActiveCfg = Debug|Any CPU
		{3D65C78F-A34B-4636-9F0E-C25CD20551D3}.Release|Any CPU.ActiveCfg = Release|Any CPU
		{79C975E0-CF05-4D2A-83A1-002CDC2E1EFA}.Debug|Any CPU.ActiveCfg = Debug|Any CPU
		{79C975E0-CF05-4D2A-83A1-002CDC2E1EFA}.Debug|Any CPU.Build.0 = Debug|Any CPU
		{79C975E0-CF05-4D2A-83A1-002CDC2E1EFA}.Release|Any CPU.ActiveCfg = Release|Any CPU
		{79C975E0-CF05-4D2A-83A1-002CDC2E1EFA}.Release|Any CPU.Build.0 = Release|Any CPU
	EndGlobalSection
	GlobalSection(SolutionProperties) = preSolution
		HideSolutionNode = FALSE
	EndGlobalSection
	GlobalSection(ExtensibilityGlobals) = postSolution
		SolutionGuid = {9F11CAF0-DD10-433A-912C-2BB65FEA57DD}
	EndGlobalSection
EndGlobal
